{
  "nodes": {
    "flake-compat": {
      "flake": false,
      "locked": {
        "lastModified": 1717312683,
        "narHash": "sha256-FrlieJH50AuvagamEvWMIE6D2OAnERuDboFDYAED/dE=",
        "owner": "nix-community",
        "repo": "flake-compat",
        "rev": "38fd3954cf65ce6faf3d0d45cd26059e059f07ea",
        "type": "github"
      },
      "original": {
        "owner": "nix-community",
        "repo": "flake-compat",
        "type": "github"
      }
    },
    "nixos-cosmic": {
      "inputs": {
        "flake-compat": "flake-compat",
        "nixpkgs": [
          "nixpkgs"
        ],
        "nixpkgs-stable": "nixpkgs-stable",
        "rust-overlay": "rust-overlay"
      },
      "locked": {
        "lastModified": 1723245532,
        "narHash": "sha256-4C6tp69429ncSuREGW2Gy03i075Jxbfvqh0XX4hmNfA=",
        "owner": "lilyinstarlight",
        "repo": "nixos-cosmic",
        "rev": "120e78e86609d06053c9cb33b269f3956aca7bec",
        "type": "github"
      },
      "original": {
        "owner": "lilyinstarlight",
        "repo": "nixos-cosmic",
        "type": "github"
      }
    },
    "nixpkgs": {
      "locked": {
        "lastModified": 1722987190,
        "narHash": "sha256-68hmex5efCiM2aZlAAEcQgmFI4ZwWt8a80vOeB/5w3A=",
        "owner": "NixOS",
        "repo": "nixpkgs",
        "rev": "21cc704b5e918c5fbf4f9fff22b4ac2681706d90",
        "type": "github"
      },
      "original": {
        "owner": "NixOS",
        "ref": "nixos-24.05",
        "repo": "nixpkgs",
        "type": "github"
      }
    },
    "nixpkgs-stable": {
      "locked": {
        "lastModified": 1722869614,
        "narHash": "sha256-7ojM1KSk3mzutD7SkrdSflHXEujPvW1u7QuqWoTLXQU=",
        "owner": "NixOS",
        "repo": "nixpkgs",
        "rev": "883180e6550c1723395a3a342f830bfc5c371f6b",
        "type": "github"
      },
      "original": {
        "owner": "NixOS",
        "ref": "nixos-24.05",
        "repo": "nixpkgs",
        "type": "github"
      }
    },
    "root": {
      "inputs": {
        "nixos-cosmic": "nixos-cosmic",
        "nixpkgs": "nixpkgs"
      }
    },
    "rust-overlay": {
      "inputs": {
        "nixpkgs": [
          "nixos-cosmic",
          "nixpkgs"
        ]
      },
      "locked": {
        "lastModified": 1723083652,
        "narHash": "sha256-ait+SeO67n8b3lIaBWwuzVX6F1zyTJ0cY6cHWtvhTyc=",
        "owner": "oxalica",
        "repo": "rust-overlay",
        "rev": "69e0ad9289fc08ee5a313fb107f00e0f21e7cbb2",
        "type": "github"
      },
      "original": {
        "owner": "oxalica",
        "repo": "rust-overlay",
        "type": "github"
      }
    }
  },
  "root": "root",
  "version": 7
}
